
Microsoft Visual Studio Solution File, Format Version 12.00
# Visual Studio Version 17
VisualStudioVersion = 17.10.34902.84
MinimumVisualStudioVersion = 10.0.40219.1
Project("{FAE04EC0-301F-11D3-BF4B-00C04F79EFBC}") = "Studentpack", "Studentpack\Studentpack.csproj", "{BDF8F640-1571-463B-A661-0BE1E3EEA949}"
EndProject
Global
	GlobalSection(SolutionConfigurationPlatforms) = preSolution
		Debug|Any CPU = Debug|Any CPU
		Release|Any CPU = Release|Any CPU
	EndGlobalSection
	GlobalSection(ProjectConfigurationPlatforms) = postSolution
		{BDF8F640-1571-463B-A661-0BE1E3EEA949}.Debug|Any CPU.ActiveCfg = Debug|Any CPU
		{BDF8F640-1571-463B-A661-0BE1E3EEA949}.Debug|Any CPU.Build.0 = Debug|Any CPU
		{BDF8F640-1571-463B-A661-0BE1E3EEA949}.Release|Any CPU.ActiveCfg = Release|Any CPU
		{BDF8F640-1571-463B-A661-0BE1E3EEA949}.Release|Any CPU.Build.0 = Release|Any CPU
	EndGlobalSection
	GlobalSection(SolutionProperties) = preSolution
		HideSolutionNode = FALSE
	EndGlobalSection
	GlobalSection(ExtensibilityGlobals) = postSolution
		SolutionGuid = {499BBCFA-3DEC-4A01-8E7C-E1C964EFFF29}
	EndGlobalSection
EndGlobal
